
Microsoft Visual Studio Solution File, Format Version 12.00
# Visual Studio 15
VisualStudioVersion = 15.0.27130.2010
MinimumVisualStudioVersion = 10.0.40219.1
Project("{FAE04EC0-301F-11D3-BF4B-00C04F79EFBC}") = "AIAnswer", "AIAnswer\AIAnswer.csproj", "{9691E2FB-5644-4D76-A26E-8D76D7009946}"
EndProject
Project("{FAE04EC0-301F-11D3-BF4B-00C04F79EFBC}") = "AIAnswer.Forms", "AIAnswer.Forms\AIAnswer.Forms.csproj", "{C8369C91-6974-4C9A-8384-C1997052D7B9}"
EndProject
Global
	GlobalSection(SolutionConfigurationPlatforms) = preSolution
		Debug|Any CPU = Debug|Any CPU
		Release|Any CPU = Release|Any CPU
	EndGlobalSection
	GlobalSection(ProjectConfigurationPlatforms) = postSolution
		{9691E2FB-5644-4D76-A26E-8D76D7009946}.Debug|Any CPU.ActiveCfg = Debug|Any CPU
		{9691E2FB-5644-4D76-A26E-8D76D7009946}.Debug|Any CPU.Build.0 = Debug|Any CPU
		{9691E2FB-5644-4D76-A26E-8D76D7009946}.Release|Any CPU.ActiveCfg = Release|Any CPU
		{9691E2FB-5644-4D76-A26E-8D76D7009946}.Release|Any CPU.Build.0 = Release|Any CPU
		{C8369C91-6974-4C9A-8384-C1997052D7B9}.Debug|Any CPU.ActiveCfg = Debug|Any CPU
		{C8369C91-6974-4C9A-8384-C1997052D7B9}.Debug|Any CPU.Build.0 = Debug|Any CPU
		{C8369C91-6974-4C9A-8384-C1997052D7B9}.Release|Any CPU.ActiveCfg = Release|Any CPU
		{C8369C91-6974-4C9A-8384-C1997052D7B9}.Release|Any CPU.Build.0 = Release|Any CPU
	EndGlobalSection
	GlobalSection(SolutionProperties) = preSolution
		HideSolutionNode = FALSE
	EndGlobalSection
	GlobalSection(ExtensibilityGlobals) = postSolution
		SolutionGuid = {ACBD497E-E0E3-4F54-BB20-C185AC3E5805}
	EndGlobalSection
EndGlobal
